// !$*UTF8*$!
{
	archiveVersion = 1;
	classes = {
	};
	objectVersion = 50;
	objects = {

/* Begin PBXBuildFile section */
		8708F87F2676117800AF4AF4 /* AppDelegate.swift in Sources */ = {isa = PBXBuildFile; fileRef = 8708F87E2676117800AF4AF4 /* AppDelegate.swift */; };
		8708F8812676117800AF4AF4 /* SceneDelegate.swift in Sources */ = {isa = PBXBuildFile; fileRef = 8708F8802676117800AF4AF4 /* SceneDelegate.swift */; };
		8708F8832676117800AF4AF4 /* ViewController.swift in Sources */ = {isa = PBXBuildFile; fileRef = 8708F8822676117800AF4AF4 /* ViewController.swift */; };
		8708F8862676117800AF4AF4 /* Main.storyboard in Resources */ = {isa = PBXBuildFile; fileRef = 8708F8842676117800AF4AF4 /* Main.storyboard */; };
		8708F8882676117F00AF4AF4 /* Assets.xcassets in Resources */ = {isa = PBXBuildFile; fileRef = 8708F8872676117F00AF4AF4 /* Assets.xcassets */; };
		8708F88B2676117F00AF4AF4 /* LaunchScreen.storyboard in Resources */ = {isa = PBXBuildFile; fileRef = 8708F8892676117F00AF4AF4 /* LaunchScreen.storyboard */; };
		8708F8932676139500AF4AF4 /* PersonCell.swift in Sources */ = {isa = PBXBuildFile; fileRef = 8708F8922676139500AF4AF4 /* PersonCell.swift */; };
		8708F89526763E5A00AF4AF4 /* Person.swift in Sources */ = {isa = PBXBuildFile; fileRef = 8708F89426763E5A00AF4AF4 /* Person.swift */; };
/* End PBXBuildFile section */

/* Begin PBXFileReference section */
		8708F87B2676117800AF4AF4 /* namesToFaces.app */ = {isa = PBXFileReference; explicitFileType = wrapper.application; includeInIndex = 0; path = namesToFaces.app; sourceTree = BUILT_PRODUCTS_DIR; };
		8708F87E2676117800AF4AF4 /* AppDelegate.swift */ = {isa = PBXFileReference; lastKnownFileType = sourcecode.swift; path = AppDelegate.swift; sourceTree = "<group>"; };
		8708F8802676117800AF4AF4 /* SceneDelegate.swift */ = {isa = PBXFileReference; lastKnownFileType = sourcecode.swift; path = SceneDelegate.swift; sourceTree = "<group>"; };
		8708F8822676117800AF4AF4 /* ViewController.swift */ = {isa = PBXFileReference; lastKnownFileType = sourcecode.swift; path = ViewController.swift; sourceTree = "<group>"; };
		8708F8852676117800AF4AF4 /* Base */ = {isa = PBXFileReference; lastKnownFileType = file.storyboard; name = Base; path = Base.lproj/Main.storyboard; sourceTree = "<group>"; };
		8708F8872676117F00AF4AF4 /* Assets.xcassets */ = {isa = PBXFileReference; lastKnownFileType = folder.assetcatalog; path = Assets.xcassets; sourceTree = "<group>"; };
		8708F88A2676117F00AF4AF4 /* Base */ = {isa = PBXFileReference; lastKnownFileType = file.storyboard; name = Base; path = Base.lproj/LaunchScreen.storyboard; sourceTree = "<group>"; };
		8708F88C2676117F00AF4AF4 /* Info.plist */ = {isa = PBXFileReference; lastKnownFileType = text.plist.xml; path = Info.plist; sourceTree = "<group>"; };
		8708F8922676139500AF4AF4 /* PersonCell.swift */ = {isa = PBXFileReference; lastKnownFileType = sourcecode.swift; path = PersonCell.swift; sourceTree = "<group>"; };
		8708F89426763E5A00AF4AF4 /* Person.swift */ = {isa = PBXFileReference; lastKnownFileType = sourcecode.swift; path = Person.swift; sourceTree = "<group>"; };
/* End PBXFileReference section */

/* Begin PBXFrameworksBuildPhase section */
		8708F8782676117800AF4AF4 /* Frameworks */ = {
			isa = PBXFrameworksBuildPhase;
			buildActionMask = 2147483647;
			files = (
			);
			runOnlyForDeploymentPostprocessing = 0;
		};
/* End PBXFrameworksBuildPhase section */

/* Begin PBXGroup section */
		8708F8722676117800AF4AF4 = {
			isa = PBXGroup;
			children = (
				8708F87D2676117800AF4AF4 /* namesToFaces */,
				8708F87C2676117800AF4AF4 /* Products */,
			);
			sourceTree = "<group>";
		};
		8708F87C2676117800AF4AF4 /* Products */ = {
			isa = PBXGroup;
			children = (
				8708F87B2676117800AF4AF4 /* namesToFaces.app */,
			);
			name = Products;
			sourceTree = "<group>";
		};
		8708F87D2676117800AF4AF4 /* namesToFaces */ = {
			isa = PBXGroup;
			children = (
				8708F87E2676117800AF4AF4 /* AppDelegate.swift */,
				8708F8802676117800AF4AF4 /* SceneDelegate.swift */,
				8708F8822676117800AF4AF4 /* ViewController.swift */,
				8708F89426763E5A00AF4AF4 /* Person.swift */,
				8708F8842676117800AF4AF4 /* Main.storyboard */,
				8708F8922676139500AF4AF4 /* PersonCell.swift */,
				8708F8872676117F00AF4AF4 /* Assets.xcassets */,
				8708F8892676117F00AF4AF4 /* LaunchScreen.storyboard */,
				8708F88C2676117F00AF4AF4 /* Info.plist */,
			);
			path = namesToFaces;
			sourceTree = "<group>";
		};
/* End PBXGroup section */

/* Begin PBXNativeTarget section */
		8708F87A2676117800AF4AF4 /* namesToFaces */ = {
			isa = PBXNativeTarget;
			buildConfigurationList = 8708F88F2676117F00AF4AF4 /* Build configuration list for PBXNativeTarget "namesToFaces" */;
			buildPhases = (
				8708F8772676117800AF4AF4 /* Sources */,
				8708F8782676117800AF4AF4 /* Frameworks */,
				8708F8792676117800AF4AF4 /* Resources */,
			);
			buildRules = (
			);
			dependencies = (
			);
			name = namesToFaces;
			productName = namesToFaces;
			productReference = 8708F87B2676117800AF4AF4 /* namesToFaces.app */;
			productType = "com.apple.product-type.application";
		};
/* End PBXNativeTarget section */

/* Begin PBXProject section */
		8708F8732676117800AF4AF4 /* Project object */ = {
			isa = PBXProject;
			attributes = {
				LastSwiftUpdateCheck = 1250;
				LastUpgradeCheck = 1250;
				TargetAttributes = {
					8708F87A2676117800AF4AF4 = {
						CreatedOnToolsVersion = 12.5;
					};
				};
			};
			buildConfigurationList = 8708F8762676117800AF4AF4 /* Build configuration list for PBXProject "namesToFaces" */;
			compatibilityVersion = "Xcode 9.3";
			developmentRegion = en;
			hasScannedForEncodings = 0;
			knownRegions = (
				en,
				Base,
			);
			mainGroup = 8708F8722676117800AF4AF4;
			productRefGroup = 8708F87C2676117800AF4AF4 /* Products */;
			projectDirPath = "";
			projectRoot = "";
			targets = (
				8708F87A2676117800AF4AF4 /* namesToFaces */,
			);
		};
/* End PBXProject section */

/* Begin PBXResourcesBuildPhase section */
		8708F8792676117800AF4AF4 /* Resources */ = {
			isa = PBXResourcesBuildPhase;
			buildActionMask = 2147483647;
			files = (
				8708F88B2676117F00AF4AF4 /* LaunchScreen.storyboard in Resources */,
				8708F8882676117F00AF4AF4 /* Assets.xcassets in Resources */,
				8708F8862676117800AF4AF4 /* Main.storyboard in Resources */,
			);
			runOnlyForDeploymentPostprocessing = 0;
		};
/* End PBXResourcesBuildPhase section */

/* Begin PBXSourcesBuildPhase section */
		8708F8772676117800AF4AF4 /* Sources */ = {
			isa = PBXSourcesBuildPhase;
			buildActionMask = 2147483647;
			files = (
				8708F89526763E5A00AF4AF4 /* Person.swift in Sources */,
				8708F8832676117800AF4AF4 /* ViewController.swift in Sources */,
				8708F87F2676117800AF4AF4 /* AppDelegate.swift in Sources */,
				8708F8932676139500AF4AF4 /* PersonCell.swift in Sources */,
				8708F8812676117800AF4AF4 /* SceneDelegate.swift in Sources */,
			);
			runOnlyForDeploymentPostprocessing = 0;
		};
/* End PBXSourcesBuildPhase section */

/* Begin PBXVariantGroup section */
		8708F8842676117800AF4AF4 /* Main.storyboard */ = {
			isa = PBXVariantGroup;
			children = (
				8708F8852676117800AF4AF4 /* Base */,
			);
			name = Main.storyboard;
			sourceTree = "<group>";
		};
		8708F8892676117F00AF4AF4 /* LaunchScreen.storyboard */ = {
			isa = PBXVariantGroup;
			children = (
				8708F88A2676117F00AF4AF4 /* Base */,
			);
			name = LaunchScreen.storyboard;
			sourceTree = "<group>";
		};
/* End PBXVariantGroup section */

/* Begin XCBuildConfiguration section */
		8708F88D2676117F00AF4AF4 /* Debug */ = {
			isa = XCBuildConfiguration;
			buildSettings = {
				ALWAYS_SEARCH_USER_PATHS = NO;
				CLANG_ANALYZER_NONNULL = YES;
				CLANG_ANALYZER_NUMBER_OBJECT_CONVERSION = YES_AGGRESSIVE;
				CLANG_CXX_LANGUAGE_STANDARD = "gnu++14";
				CLANG_CXX_LIBRARY = "libc++";
				CLANG_ENABLE_MODULES = YES;
				CLANG_ENABLE_OBJC_ARC = YES;
				CLANG_ENABLE_OBJC_WEAK = YES;
				CLANG_WARN_BLOCK_CAPTURE_AUTORELEASING = YES;
				CLANG_WARN_BOOL_CONVERSION = YES;
				CLANG_WARN_COMMA = YES;
				CLANG_WARN_CONSTANT_CONVERSION = YES;
				CLANG_WARN_DEPRECATED_OBJC_IMPLEMENTATIONS = YES;
				CLANG_WARN_DIRECT_OBJC_ISA_USAGE = YES_ERROR;
				CLANG_WARN_DOCUMENTATION_COMMENTS = YES;
				CLANG_WARN_EMPTY_BODY = YES;
				CLANG_WARN_ENUM_CONVERSION = YES;
				CLANG_WARN_INFINITE_RECURSION = YES;
				CLANG_WARN_INT_CONVERSION = YES;
				CLANG_WARN_NON_LITERAL_NULL_CONVERSION = YES;
				CLANG_WARN_OBJC_IMPLICIT_RETAIN_SELF = YES;
				CLANG_WARN_OBJC_LITERAL_CONVERSION = YES;
				CLANG_WARN_OBJC_ROOT_CLASS = YES_ERROR;
				CLANG_WARN_QUOTED_INCLUDE_IN_FRAMEWORK_HEADER = YES;
				CLANG_WARN_RANGE_LOOP_ANALYSIS = YES;
				CLANG_WARN_STRICT_PROTOTYPES = YES;
				CLANG_WARN_SUSPICIOUS_MOVE = YES;
				CLANG_WARN_UNGUARDED_AVAILABILITY = YES_AGGRESSIVE;
				CLANG_WARN_UNREACHABLE_CODE = YES;
				CLANG_WARN__DUPLICATE_METHOD_MATCH = YES;
				COPY_PHASE_STRIP = NO;
				DEBUG_INFORMATION_FORMAT = dwarf;
				ENABLE_STRICT_OBJC_MSGSEND = YES;
				ENABLE_TESTABILITY = YES;
				GCC_C_LANGUAGE_STANDARD = gnu11;
				GCC_DYNAMIC_NO_PIC = NO;
				GCC_NO_COMMON_BLOCKS = YES;
				GCC_OPTIMIZATION_LEVEL = 0;
				GCC_PREPROCESSOR_DEFINITIONS = (
					"DEBUG=1",
					"$(inherited)",
				);
				GCC_WARN_64_TO_32_BIT_CONVERSION = YES;
				GCC_WARN_ABOUT_RETURN_TYPE = YES_ERROR;
				GCC_WARN_UNDECLARED_SELECTOR = YES;
				GCC_WARN_UNINITIALIZED_AUTOS = YES_AGGRESSIVE;
				GCC_WARN_UNUSED_FUNCTION = YES;
				GCC_WARN_UNUSED_VARIABLE = YES;
				IPHONEOS_DEPLOYMENT_TARGET = 14.5;
				MTL_ENABLE_DEBUG_INFO = INCLUDE_SOURCE;
				MTL_FAST_MATH = YES;
				ONLY_ACTIVE_ARCH = YES;
				SDKROOT = iphoneos;
				SWIFT_ACTIVE_COMPILATION_CONDITIONS = DEBUG;
				SWIFT_OPTIMIZATION_LEVEL = "-Onone";
			};
			name = Debug;
		};
		8708F88E2676117F00AF4AF4 /* Release */ = {
			isa = XCBuildConfiguration;
			buildSettings = {
				ALWAYS_SEARCH_USER_PATHS = NO;
				CLANG_ANALYZER_NONNULL = YES;
				CLANG_ANALYZER_NUMBER_OBJECT_CONVERSION = YES_AGGRESSIVE;
				CLANG_CXX_LANGUAGE_STANDARD = "gnu++14";
				CLANG_CXX_LIBRARY = "libc++";
				CLANG_ENABLE_MODULES = YES;
				CLANG_ENABLE_OBJC_ARC = YES;
				CLANG_ENABLE_OBJC_WEAK = YES;
				CLANG_WARN_BLOCK_CAPTURE_AUTORELEASING = YES;
				CLANG_WARN_BOOL_CONVERSION = YES;
				CLANG_WARN_COMMA = YES;
				CLANG_WARN_CONSTANT_CONVERSION = YES;
				CLANG_WARN_DEPRECATED_OBJC_IMPLEMENTATIONS = YES;
				CLANG_WARN_DIRECT_OBJC_ISA_USAGE = YES_ERROR;
				CLANG_WARN_DOCUMENTATION_COMMENTS = YES;
				CLANG_WARN_EMPTY_BODY = YES;
				CLANG_WARN_ENUM_CONVERSION = YES;
				CLANG_WARN_INFINITE_RECURSION = YES;
				CLANG_WARN_INT_CONVERSION = YES;
				CLANG_WARN_NON_LITERAL_NULL_CONVERSION = YES;
				CLANG_WARN_OBJC_IMPLICIT_RETAIN_SELF = YES;
				CLANG_WARN_OBJC_LITERAL_CONVERSION = YES;
				CLANG_WARN_OBJC_ROOT_CLASS = YES_ERROR;
				CLANG_WARN_QUOTED_INCLUDE_IN_FRAMEWORK_HEADER = YES;
				CLANG_WARN_RANGE_LOOP_ANALYSIS = YES;
				CLANG_WARN_STRICT_PROTOTYPES = YES;
				CLANG_WARN_SUSPICIOUS_MOVE = YES;
				CLANG_WARN_UNGUARDED_AVAILABILITY = YES_AGGRESSIVE;
				CLANG_WARN_UNREACHABLE_CODE = YES;
				CLANG_WARN__DUPLICATE_METHOD_MATCH = YES;
				COPY_PHASE_STRIP = NO;
				DEBUG_INFORMATION_FORMAT = "dwarf-with-dsym";
				ENABLE_NS_ASSERTIONS = NO;
				ENABLE_STRICT_OBJC_MSGSEND = YES;
				GCC_C_LANGUAGE_STANDARD = gnu11;
				GCC_NO_COMMON_BLOCKS = YES;
				GCC_WARN_64_TO_32_BIT_CONVERSION = YES;
				GCC_WARN_ABOUT_RETURN_TYPE = YES_ERROR;
				GCC_WARN_UNDECLARED_SELECTOR = YES;
				GCC_WARN_UNINITIALIZED_AUTOS = YES_AGGRESSIVE;
				GCC_WARN_UNUSED_FUNCTION = YES;
				GCC_WARN_UNUSED_VARIABLE = YES;
				IPHONEOS_DEPLOYMENT_TARGET = 14.5;
				MTL_ENABLE_DEBUG_INFO = NO;
				MTL_FAST_MATH = YES;
				SDKROOT = iphoneos;
				SWIFT_COMPILATION_MODE = wholemodule;
				SWIFT_OPTIMIZATION_LEVEL = "-O";
				VALIDATE_PRODUCT = YES;
			};
			name = Release;
		};
		8708F8902676117F00AF4AF4 /* Debug */ = {
			isa = XCBuildConfiguration;
			buildSettings = {
				ASSETCATALOG_COMPILER_APPICON_NAME = AppIcon;
				ASSETCATALOG_COMPILER_GLOBAL_ACCENT_COLOR_NAME = AccentColor;
				CODE_SIGN_STYLE = Automatic;
				INFOPLIST_FILE = namesToFaces/Info.plist;
				LD_RUNPATH_SEARCH_PATHS = (
					"$(inherited)",
					"@executable_path/Frameworks",
				);
				PRODUCT_BUNDLE_IDENTIFIER = com.jiwon.namesToFaces;
				PRODUCT_NAME = "$(TARGET_NAME)";
				SWIFT_VERSION = 5.0;
				TARGETED_DEVICE_FAMILY = "1,2";
			};
			name = Debug;
		};
		8708F8912676117F00AF4AF4 /* Release */ = {
			isa = XCBuildConfiguration;
			buildSettings = {
				ASSETCATALOG_COMPILER_APPICON_NAME = AppIcon;
				ASSETCATALOG_COMPILER_GLOBAL_ACCENT_COLOR_NAME = AccentColor;
				CODE_SIGN_STYLE = Automatic;
				INFOPLIST_FILE = namesToFaces/Info.plist;
				LD_RUNPATH_SEARCH_PATHS = (
					"$(inherited)",
					"@executable_path/Frameworks",
				);
				PRODUCT_BUNDLE_IDENTIFIER = com.jiwon.namesToFaces;
				PRODUCT_NAME = "$(TARGET_NAME)";
				SWIFT_VERSION = 5.0;
				TARGETED_DEVICE_FAMILY = "1,2";
			};
			name = Release;
		};
/* End XCBuildConfiguration section */

/* Begin XCConfigurationList section */
		8708F8762676117800AF4AF4 /* Build configuration list for PBXProject "namesToFaces" */ = {
			isa = XCConfigurationList;
			buildConfigurations = (
				8708F88D2676117F00AF4AF4 /* Debug */,
				8708F88E2676117F00AF4AF4 /* Release */,
			);
			defaultConfigurationIsVisible = 0;
			defaultConfigurationName = Release;
		};
		8708F88F2676117F00AF4AF4 /* Build configuration list for PBXNativeTarget "namesToFaces" */ = {
			isa = XCConfigurationList;
			buildConfigurations = (
				8708F8902676117F00AF4AF4 /* Debug */,
				8708F8912676117F00AF4AF4 /* Release */,
			);
			defaultConfigurationIsVisible = 0;
			defaultConfigurationName = Release;
		};
/* End XCConfigurationList section */
	};
	rootObject = 8708F8732676117800AF4AF4 /* Project object */;
}
